Microsoft Visual Studio Solution File, Format Version 12.00
# Visual Studio 2013
VisualStudioVersion = 12.0.30723.0
MinimumVisualStudioVersion = 10.0.40219.1
Project("{2150E333-8FDC-42A3-9474-1A3956D46DE8}") = "Support Projects", "Support Projects", "{1DFA65CE-5978-49F9-83BA-CFBD0C7A1814}"
EndProject
Project("{FAE04EC0-301F-11D3-BF4B-00C04F79EFBC}") = "ClientDependency.Core", "DNN Platform\Components\ClientDependency\Source\ClientDependency.Core.csproj", "{3B64E72E-63CC-4A90-ADFF-4B919EF17239}"
EndProject
Project("{FAE04EC0-301F-11D3-BF4B-00C04F79EFBC}") = "DotNetNuke.Instrumentation", "DNN Platform\DotNetNuke.Instrumentation\DotNetNuke.Instrumentation.csproj", "{3CD5F6B8-8360-4862-80B6-F402892DB7DD}"
EndProject
Project("{FAE04EC0-301F-11D3-BF4B-00C04F79EFBC}") = "DotNetNuke.Web.Client", "DNN Platform\DotNetNuke.Web.Client\DotNetNuke.Web.Client.csproj", "{03E3AFA5-DDC9-48FB-A839-AD4282CE237E}"
EndProject
Project("{FAE04EC0-301F-11D3-BF4B-00C04F79EFBC}") = "DotNetNuke.Syndication", "DNN Platform\Syndication\DotNetNuke.Syndication.csproj", "{9F2F4076-D434-448F-9CBB-7BF7A9766AB1}"
EndProject
Project("{FAE04EC0-301F-11D3-BF4B-00C04F79EFBC}") = "DotNetNuke.Library", "DNN Platform\Library\DotNetNuke.Library.csproj", "{6B29ADED-7B56-4484-BEA5-C0E09079535B}"
EndProject
Project("{FAE04EC0-301F-11D3-BF4B-00C04F79EFBC}") = "CountryListBox", "DNN Platform\Controls\CountryListBox\CountryListBox.csproj", "{CA056730-5759-41F8-A6C1-420F9C0C63E7}"
EndProject
Project("{FAE04EC0-301F-11D3-BF4B-00C04F79EFBC}") = "DotNetNuke.Web", "DNN Platform\DotNetNuke.Web\DotNetNuke.Web.csproj", "{EE1329FE-FD88-4E1A-968C-345E394EF080}"
EndProject
Project("{FAE04EC0-301F-11D3-BF4B-00C04F79EFBC}") = "DotNetNuke.HttpModules", "DNN Platform\HttpModules\DotNetNuke.HttpModules.csproj", "{3D9C3F5F-1D2D-4D89-995B-438055A5E3A6}"
EndProject
Project("{2150E333-8FDC-42A3-9474-1A3956D46DE8}") = "Solution Items", "Solution Items", "{FBD3B3FB-C9A6-43D2-8FE7-6A0A19DF0D0C}"
	ProjectSection(SolutionItems) = preProject
		DNN Platform\Tests\App.config = DNN Platform\Tests\App.config
		Packages\repositories.config = Packages\repositories.config
		SolutionInfo.cs = SolutionInfo.cs
	EndProjectSection
EndProject
Project("{2150E333-8FDC-42A3-9474-1A3956D46DE8}") = ".nuget", ".nuget", "{5EC5DBCB-B4AD-453E-896C-E238F0F57FDA}"
	ProjectSection(SolutionItems) = preProject
		.nuget\NuGet.Config = .nuget\NuGet.Config
		.nuget\NuGet.exe = .nuget\NuGet.exe
		.nuget\NuGet.targets = .nuget\NuGet.targets
	EndProjectSection
EndProject
Project("{E24C65DC-7377-472B-9ABA-BC803B73C61A}") = "DNN_MVC", "http://localhost/DNN_MVC", "{ABDCE317-3D56-441C-925A-530EFEFD2A05}"
	ProjectSection(WebsiteProperties) = preProject
		UseIISExpress = "false"
		TargetFrameworkMoniker = ".NETFramework,Version%3Dv4.0"
		Debug.AspNetCompiler.VirtualPath = "/DNN_MVC"
		Debug.AspNetCompiler.PhysicalPath = "Website\"
		Debug.AspNetCompiler.TargetPath = "PrecompiledWeb\DNN_MVC\"
		Debug.AspNetCompiler.Updateable = "true"
		Debug.AspNetCompiler.ForceOverwrite = "true"
		Debug.AspNetCompiler.FixedNames = "false"
		Debug.AspNetCompiler.Debug = "True"
		Release.AspNetCompiler.VirtualPath = "/DNN_MVC"
		Release.AspNetCompiler.PhysicalPath = "Website\"
		Release.AspNetCompiler.TargetPath = "PrecompiledWeb\DNN_MVC\"
		Release.AspNetCompiler.Updateable = "true"
		Release.AspNetCompiler.ForceOverwrite = "true"
		Release.AspNetCompiler.FixedNames = "false"
		Release.AspNetCompiler.Debug = "False"
		SlnRelativePath = "Website\"
	EndProjectSection
EndProject
Project("{FAE04EC0-301F-11D3-BF4B-00C04F79EFBC}") = "DotNetNuke.Web.Razor", "DNN Platform\DotNetNuke.Web.Razor\DotNetNuke.Web.Razor.csproj", "{9806C125-8CA9-48CC-940A-CCD0442C5993}"
EndProject
Project("{FAE04EC0-301F-11D3-BF4B-00C04F79EFBC}") = "DotNetNuke.Web.Mvc", "DNN Platform\DotNetNuke.Web.Mvc\DotNetNuke.Web.Mvc.csproj", "{64DC5798-9D37-4F8D-97DD-8403E6E70DD3}"
EndProject
Project("{2150E333-8FDC-42A3-9474-1A3956D46DE8}") = "DNN MVC", "DNN MVC", "{3DE111FF-C909-45C3-BA34-4A1FD7380085}"
EndProject
Project("{FAE04EC0-301F-11D3-BF4B-00C04F79EFBC}") = "Dnn.Mvc.Utils", "DNN MVC\Dnn.Mvc.Utils\Dnn.Mvc.Utils.csproj", "{E8BF981F-E09C-43D9-BDD1-40D3FBD5376B}"
EndProject
Project("{FAE04EC0-301F-11D3-BF4B-00C04F79EFBC}") = "Dnn.Mvc.Core", "DNN MVC\Dnn.Mvc.Core\Dnn.Mvc.Core.csproj", "{927CFFDA-9723-4B61-83E2-43EFA617A90B}"
EndProject
Project("{2150E333-8FDC-42A3-9474-1A3956D46DE8}") = "MVC Modules", "MVC Modules", "{C5082DA7-2729-4316-A65F-5D627897E368}"
EndProject
Project("{FAE04EC0-301F-11D3-BF4B-00C04F79EFBC}") = "Dnn.Mvc.Html", "DNN MVC\MVC Modules\Dnn.Mvc.Html\Dnn.Mvc.Html.csproj", "{04ABE07A-0749-44CC-97EA-D9B195C8938D}"
EndProject
Project("{FAE04EC0-301F-11D3-BF4B-00C04F79EFBC}") = "Dnn.Mvc.Tasks", "DNN MVC\MVC Modules\Dnn.Mvc.Tasks\Dnn.Mvc.Tasks.csproj", "{B9F1BDC5-A547-4A56-886D-1BFBC2F13F97}"
EndProject
Project("{2150E333-8FDC-42A3-9474-1A3956D46DE8}") = "Websites", "Websites", "{ED387C98-485C-442C-A23C-ED5E05347516}"
EndProject
Project("{2150E333-8FDC-42A3-9474-1A3956D46DE8}") = "DNN Core", "DNN Core", "{54B20709-51DF-4795-9F48-F1E1926F9269}"
EndProject
Project("{2150E333-8FDC-42A3-9474-1A3956D46DE8}") = "Tests", "Tests", "{34A1B724-E3C5-4AD4-925A-91A2D3714F76}"
EndProject
Project("{FAE04EC0-301F-11D3-BF4B-00C04F79EFBC}") = "Dnn.Mvc.Tests.Utilities", "DNN MVC\Tests\Dnn.Mvc.Tests.Utilities\Dnn.Mvc.Tests.Utilities.csproj", "{B8E7FDB0-D075-4F91-8F97-F4FB28B4A758}"
EndProject
Project("{FAE04EC0-301F-11D3-BF4B-00C04F79EFBC}") = "Dnn.Mvc.Core.Tests", "DNN MVC\Tests\Dnn.Mvc.Core.Tests\Dnn.Mvc.Core.Tests.csproj", "{0CC976A7-CF40-4D4C-B543-CF61EE01676E}"
EndProject
Project("{FAE04EC0-301F-11D3-BF4B-00C04F79EFBC}") = "Dnn.Mvc.Web.Tests", "DNN MVC\Tests\Dnn.Mvc.Web.Tests\Dnn.Mvc.Web.Tests.csproj", "{82F06E89-BB03-42F5-BB12-D5949F0C0C0F}"
EndProject
Project("{FAE04EC0-301F-11D3-BF4B-00C04F79EFBC}") = "Dnn.Mvc.Web", "MVC Website\Dnn.Mvc.Web.csproj", "{4F79EE16-ED11-456D-81BF-D80DAE115CB4}"
	ProjectSection(ProjectDependencies) = postProject
		{EE1329FE-FD88-4E1A-968C-345E394EF080} = {EE1329FE-FD88-4E1A-968C-345E394EF080}
	EndProjectSection
EndProject
Global
	GlobalSection(SolutionConfigurationPlatforms) = preSolution
		Debug|Any CPU = Debug|Any CPU
		Debug|x86 = Debug|x86
		Release|Any CPU = Release|Any CPU
		Release|x86 = Release|x86
	EndGlobalSection
	GlobalSection(ProjectConfigurationPlatforms) = postSolution
		{3B64E72E-63CC-4A90-ADFF-4B919EF17239}.Debug|Any CPU.ActiveCfg = Debug|Any CPU
		{3B64E72E-63CC-4A90-ADFF-4B919EF17239}.Debug|Any CPU.Build.0 = Debug|Any CPU
		{3B64E72E-63CC-4A90-ADFF-4B919EF17239}.Debug|x86.ActiveCfg = Debug|Any CPU
		{3B64E72E-63CC-4A90-ADFF-4B919EF17239}.Release|Any CPU.ActiveCfg = Release|Any CPU
		{3B64E72E-63CC-4A90-ADFF-4B919EF17239}.Release|Any CPU.Build.0 = Release|Any CPU
		{3B64E72E-63CC-4A90-ADFF-4B919EF17239}.Release|x86.ActiveCfg = Release|Any CPU
		{3CD5F6B8-8360-4862-80B6-F402892DB7DD}.Debug|Any CPU.ActiveCfg = Debug|Any CPU
		{3CD5F6B8-8360-4862-80B6-F402892DB7DD}.Debug|Any CPU.Build.0 = Debug|Any CPU
		{3CD5F6B8-8360-4862-80B6-F402892DB7DD}.Debug|x86.ActiveCfg = Debug|Any CPU
		{3CD5F6B8-8360-4862-80B6-F402892DB7DD}.Release|Any CPU.ActiveCfg = Release|Any CPU
		{3CD5F6B8-8360-4862-80B6-F402892DB7DD}.Release|Any CPU.Build.0 = Release|Any CPU
		{3CD5F6B8-8360-4862-80B6-F402892DB7DD}.Release|x86.ActiveCfg = Release|Any CPU
		{03E3AFA5-DDC9-48FB-A839-AD4282CE237E}.Debug|Any CPU.ActiveCfg = Debug|Any CPU
		{03E3AFA5-DDC9-48FB-A839-AD4282CE237E}.Debug|Any CPU.Build.0 = Debug|Any CPU
		{03E3AFA5-DDC9-48FB-A839-AD4282CE237E}.Debug|x86.ActiveCfg = Debug|Any CPU
		{03E3AFA5-DDC9-48FB-A839-AD4282CE237E}.Release|Any CPU.ActiveCfg = Release|Any CPU
		{03E3AFA5-DDC9-48FB-A839-AD4282CE237E}.Release|Any CPU.Build.0 = Release|Any CPU
		{03E3AFA5-DDC9-48FB-A839-AD4282CE237E}.Release|x86.ActiveCfg = Release|Any CPU
		{9F2F4076-D434-448F-9CBB-7BF7A9766AB1}.Debug|Any CPU.ActiveCfg = Debug|Any CPU
		{9F2F4076-D434-448F-9CBB-7BF7A9766AB1}.Debug|Any CPU.Build.0 = Debug|Any CPU
		{9F2F4076-D434-448F-9CBB-7BF7A9766AB1}.Debug|x86.ActiveCfg = Debug|Any CPU
		{9F2F4076-D434-448F-9CBB-7BF7A9766AB1}.Release|Any CPU.ActiveCfg = Release|Any CPU
		{9F2F4076-D434-448F-9CBB-7BF7A9766AB1}.Release|Any CPU.Build.0 = Release|Any CPU
		{9F2F4076-D434-448F-9CBB-7BF7A9766AB1}.Release|x86.ActiveCfg = Release|Any CPU
		{6B29ADED-7B56-4484-BEA5-C0E09079535B}.Debug|Any CPU.ActiveCfg = Debug|Any CPU
		{6B29ADED-7B56-4484-BEA5-C0E09079535B}.Debug|Any CPU.Build.0 = Debug|Any CPU
		{6B29ADED-7B56-4484-BEA5-C0E09079535B}.Debug|x86.ActiveCfg = Debug|x86
		{6B29ADED-7B56-4484-BEA5-C0E09079535B}.Debug|x86.Build.0 = Debug|x86
		{6B29ADED-7B56-4484-BEA5-C0E09079535B}.Release|Any CPU.ActiveCfg = Release|Any CPU
		{6B29ADED-7B56-4484-BEA5-C0E09079535B}.Release|Any CPU.Build.0 = Release|Any CPU
		{6B29ADED-7B56-4484-BEA5-C0E09079535B}.Release|x86.ActiveCfg = Release|x86
		{6B29ADED-7B56-4484-BEA5-C0E09079535B}.Release|x86.Build.0 = Release|x86
		{CA056730-5759-41F8-A6C1-420F9C0C63E7}.Debug|Any CPU.ActiveCfg = Debug|Any CPU
		{CA056730-5759-41F8-A6C1-420F9C0C63E7}.Debug|Any CPU.Build.0 = Debug|Any CPU
		{CA056730-5759-41F8-A6C1-420F9C0C63E7}.Debug|x86.ActiveCfg = Debug|Any CPU
		{CA056730-5759-41F8-A6C1-420F9C0C63E7}.Release|Any CPU.ActiveCfg = Release|Any CPU
		{CA056730-5759-41F8-A6C1-420F9C0C63E7}.Release|Any CPU.Build.0 = Release|Any CPU
		{CA056730-5759-41F8-A6C1-420F9C0C63E7}.Release|x86.ActiveCfg = Release|Any CPU
		{EE1329FE-FD88-4E1A-968C-345E394EF080}.Debug|Any CPU.ActiveCfg = Debug|Any CPU
		{EE1329FE-FD88-4E1A-968C-345E394EF080}.Debug|Any CPU.Build.0 = Debug|Any CPU
		{EE1329FE-FD88-4E1A-968C-345E394EF080}.Debug|x86.ActiveCfg = Debug|x86
		{EE1329FE-FD88-4E1A-968C-345E394EF080}.Debug|x86.Build.0 = Debug|x86
		{EE1329FE-FD88-4E1A-968C-345E394EF080}.Release|Any CPU.ActiveCfg = Release|Any CPU
		{EE1329FE-FD88-4E1A-968C-345E394EF080}.Release|Any CPU.Build.0 = Release|Any CPU
		{EE1329FE-FD88-4E1A-968C-345E394EF080}.Release|x86.ActiveCfg = Release|x86
		{EE1329FE-FD88-4E1A-968C-345E394EF080}.Release|x86.Build.0 = Release|x86
		{3D9C3F5F-1D2D-4D89-995B-438055A5E3A6}.Debug|Any CPU.ActiveCfg = Debug|Any CPU
		{3D9C3F5F-1D2D-4D89-995B-438055A5E3A6}.Debug|Any CPU.Build.0 = Debug|Any CPU
		{3D9C3F5F-1D2D-4D89-995B-438055A5E3A6}.Debug|x86.ActiveCfg = Debug|Any CPU
		{3D9C3F5F-1D2D-4D89-995B-438055A5E3A6}.Release|Any CPU.ActiveCfg = Release|Any CPU
		{3D9C3F5F-1D2D-4D89-995B-438055A5E3A6}.Release|Any CPU.Build.0 = Release|Any CPU
		{3D9C3F5F-1D2D-4D89-995B-438055A5E3A6}.Release|x86.ActiveCfg = Release|Any CPU
		{ABDCE317-3D56-441C-925A-530EFEFD2A05}.Debug|Any CPU.ActiveCfg = Debug|Any CPU
		{ABDCE317-3D56-441C-925A-530EFEFD2A05}.Debug|x86.ActiveCfg = Debug|Any CPU
		{ABDCE317-3D56-441C-925A-530EFEFD2A05}.Release|Any CPU.ActiveCfg = Debug|Any CPU
		{ABDCE317-3D56-441C-925A-530EFEFD2A05}.Release|x86.ActiveCfg = Debug|Any CPU
		{9806C125-8CA9-48CC-940A-CCD0442C5993}.Debug|Any CPU.ActiveCfg = Debug|Any CPU
		{9806C125-8CA9-48CC-940A-CCD0442C5993}.Debug|Any CPU.Build.0 = Debug|Any CPU
		{9806C125-8CA9-48CC-940A-CCD0442C5993}.Debug|x86.ActiveCfg = Debug|Any CPU
		{9806C125-8CA9-48CC-940A-CCD0442C5993}.Release|Any CPU.ActiveCfg = Release|Any CPU
		{9806C125-8CA9-48CC-940A-CCD0442C5993}.Release|Any CPU.Build.0 = Release|Any CPU
		{9806C125-8CA9-48CC-940A-CCD0442C5993}.Release|x86.ActiveCfg = Release|Any CPU
		{64DC5798-9D37-4F8D-97DD-8403E6E70DD3}.Debug|Any CPU.ActiveCfg = Debug|Any CPU
		{64DC5798-9D37-4F8D-97DD-8403E6E70DD3}.Debug|Any CPU.Build.0 = Debug|Any CPU
		{64DC5798-9D37-4F8D-97DD-8403E6E70DD3}.Debug|x86.ActiveCfg = Debug|Any CPU
		{64DC5798-9D37-4F8D-97DD-8403E6E70DD3}.Release|Any CPU.ActiveCfg = Release|Any CPU
		{64DC5798-9D37-4F8D-97DD-8403E6E70DD3}.Release|Any CPU.Build.0 = Release|Any CPU
		{64DC5798-9D37-4F8D-97DD-8403E6E70DD3}.Release|x86.ActiveCfg = Release|Any CPU
		{E8BF981F-E09C-43D9-BDD1-40D3FBD5376B}.Debug|Any CPU.ActiveCfg = Debug|Any CPU
		{E8BF981F-E09C-43D9-BDD1-40D3FBD5376B}.Debug|Any CPU.Build.0 = Debug|Any CPU
		{E8BF981F-E09C-43D9-BDD1-40D3FBD5376B}.Debug|x86.ActiveCfg = Debug|Any CPU
		{E8BF981F-E09C-43D9-BDD1-40D3FBD5376B}.Release|Any CPU.ActiveCfg = Release|Any CPU
		{E8BF981F-E09C-43D9-BDD1-40D3FBD5376B}.Release|Any CPU.Build.0 = Release|Any CPU
		{E8BF981F-E09C-43D9-BDD1-40D3FBD5376B}.Release|x86.ActiveCfg = Release|Any CPU
		{927CFFDA-9723-4B61-83E2-43EFA617A90B}.Debug|Any CPU.ActiveCfg = Debug|Any CPU
		{927CFFDA-9723-4B61-83E2-43EFA617A90B}.Debug|Any CPU.Build.0 = Debug|Any CPU
		{927CFFDA-9723-4B61-83E2-43EFA617A90B}.Debug|x86.ActiveCfg = Debug|Any CPU
		{927CFFDA-9723-4B61-83E2-43EFA617A90B}.Release|Any CPU.ActiveCfg = Release|Any CPU
		{927CFFDA-9723-4B61-83E2-43EFA617A90B}.Release|Any CPU.Build.0 = Release|Any CPU
		{927CFFDA-9723-4B61-83E2-43EFA617A90B}.Release|x86.ActiveCfg = Release|Any CPU
		{04ABE07A-0749-44CC-97EA-D9B195C8938D}.Debug|Any CPU.ActiveCfg = Debug|Any CPU
		{04ABE07A-0749-44CC-97EA-D9B195C8938D}.Debug|Any CPU.Build.0 = Debug|Any CPU
		{04ABE07A-0749-44CC-97EA-D9B195C8938D}.Debug|x86.ActiveCfg = Debug|Any CPU
		{04ABE07A-0749-44CC-97EA-D9B195C8938D}.Release|Any CPU.ActiveCfg = Release|Any CPU
		{04ABE07A-0749-44CC-97EA-D9B195C8938D}.Release|Any CPU.Build.0 = Release|Any CPU
		{04ABE07A-0749-44CC-97EA-D9B195C8938D}.Release|x86.ActiveCfg = Release|Any CPU
		{B9F1BDC5-A547-4A56-886D-1BFBC2F13F97}.Debug|Any CPU.ActiveCfg = Debug|Any CPU
		{B9F1BDC5-A547-4A56-886D-1BFBC2F13F97}.Debug|Any CPU.Build.0 = Debug|Any CPU
		{B9F1BDC5-A547-4A56-886D-1BFBC2F13F97}.Debug|x86.ActiveCfg = Debug|Any CPU
		{B9F1BDC5-A547-4A56-886D-1BFBC2F13F97}.Release|Any CPU.ActiveCfg = Release|Any CPU
		{B9F1BDC5-A547-4A56-886D-1BFBC2F13F97}.Release|Any CPU.Build.0 = Release|Any CPU
		{B9F1BDC5-A547-4A56-886D-1BFBC2F13F97}.Release|x86.ActiveCfg = Release|Any CPU
		{B8E7FDB0-D075-4F91-8F97-F4FB28B4A758}.Debug|Any CPU.ActiveCfg = Debug|Any CPU
		{B8E7FDB0-D075-4F91-8F97-F4FB28B4A758}.Debug|Any CPU.Build.0 = Debug|Any CPU
		{B8E7FDB0-D075-4F91-8F97-F4FB28B4A758}.Debug|x86.ActiveCfg = Debug|Any CPU
		{B8E7FDB0-D075-4F91-8F97-F4FB28B4A758}.Release|Any CPU.ActiveCfg = Release|Any CPU
		{B8E7FDB0-D075-4F91-8F97-F4FB28B4A758}.Release|Any CPU.Build.0 = Release|Any CPU
		{B8E7FDB0-D075-4F91-8F97-F4FB28B4A758}.Release|x86.ActiveCfg = Release|Any CPU
		{0CC976A7-CF40-4D4C-B543-CF61EE01676E}.Debug|Any CPU.ActiveCfg = Debug|Any CPU
		{0CC976A7-CF40-4D4C-B543-CF61EE01676E}.Debug|Any CPU.Build.0 = Debug|Any CPU
		{0CC976A7-CF40-4D4C-B543-CF61EE01676E}.Debug|x86.ActiveCfg = Debug|Any CPU
		{0CC976A7-CF40-4D4C-B543-CF61EE01676E}.Release|Any CPU.ActiveCfg = Release|Any CPU
		{0CC976A7-CF40-4D4C-B543-CF61EE01676E}.Release|Any CPU.Build.0 = Release|Any CPU
		{0CC976A7-CF40-4D4C-B543-CF61EE01676E}.Release|x86.ActiveCfg = Release|Any CPU
		{82F06E89-BB03-42F5-BB12-D5949F0C0C0F}.Debug|Any CPU.ActiveCfg = Debug|Any CPU
		{82F06E89-BB03-42F5-BB12-D5949F0C0C0F}.Debug|Any CPU.Build.0 = Debug|Any CPU
		{82F06E89-BB03-42F5-BB12-D5949F0C0C0F}.Debug|x86.ActiveCfg = Debug|Any CPU
		{82F06E89-BB03-42F5-BB12-D5949F0C0C0F}.Release|Any CPU.ActiveCfg = Release|Any CPU
		{82F06E89-BB03-42F5-BB12-D5949F0C0C0F}.Release|Any CPU.Build.0 = Release|Any CPU
		{82F06E89-BB03-42F5-BB12-D5949F0C0C0F}.Release|x86.ActiveCfg = Release|Any CPU
		{4F79EE16-ED11-456D-81BF-D80DAE115CB4}.Debug|Any CPU.ActiveCfg = Debug|Any CPU
		{4F79EE16-ED11-456D-81BF-D80DAE115CB4}.Debug|Any CPU.Build.0 = Debug|Any CPU
		{4F79EE16-ED11-456D-81BF-D80DAE115CB4}.Debug|x86.ActiveCfg = Debug|Any CPU
		{4F79EE16-ED11-456D-81BF-D80DAE115CB4}.Release|Any CPU.ActiveCfg = Release|Any CPU
		{4F79EE16-ED11-456D-81BF-D80DAE115CB4}.Release|Any CPU.Build.0 = Release|Any CPU
		{4F79EE16-ED11-456D-81BF-D80DAE115CB4}.Release|x86.ActiveCfg = Release|Any CPU
	EndGlobalSection
	GlobalSection(SolutionProperties) = preSolution
		HideSolutionNode = FALSE
	EndGlobalSection
	GlobalSection(NestedProjects) = preSolution
		{3B64E72E-63CC-4A90-ADFF-4B919EF17239} = {1DFA65CE-5978-49F9-83BA-CFBD0C7A1814}
		{3CD5F6B8-8360-4862-80B6-F402892DB7DD} = {1DFA65CE-5978-49F9-83BA-CFBD0C7A1814}
		{03E3AFA5-DDC9-48FB-A839-AD4282CE237E} = {1DFA65CE-5978-49F9-83BA-CFBD0C7A1814}
		{9F2F4076-D434-448F-9CBB-7BF7A9766AB1} = {1DFA65CE-5978-49F9-83BA-CFBD0C7A1814}
		{6B29ADED-7B56-4484-BEA5-C0E09079535B} = {54B20709-51DF-4795-9F48-F1E1926F9269}
		{CA056730-5759-41F8-A6C1-420F9C0C63E7} = {1DFA65CE-5978-49F9-83BA-CFBD0C7A1814}
		{EE1329FE-FD88-4E1A-968C-345E394EF080} = {54B20709-51DF-4795-9F48-F1E1926F9269}
		{3D9C3F5F-1D2D-4D89-995B-438055A5E3A6} = {1DFA65CE-5978-49F9-83BA-CFBD0C7A1814}
		{ABDCE317-3D56-441C-925A-530EFEFD2A05} = {ED387C98-485C-442C-A23C-ED5E05347516}
		{9806C125-8CA9-48CC-940A-CCD0442C5993} = {54B20709-51DF-4795-9F48-F1E1926F9269}
		{64DC5798-9D37-4F8D-97DD-8403E6E70DD3} = {54B20709-51DF-4795-9F48-F1E1926F9269}
		{E8BF981F-E09C-43D9-BDD1-40D3FBD5376B} = {3DE111FF-C909-45C3-BA34-4A1FD7380085}
		{927CFFDA-9723-4B61-83E2-43EFA617A90B} = {3DE111FF-C909-45C3-BA34-4A1FD7380085}
		{04ABE07A-0749-44CC-97EA-D9B195C8938D} = {C5082DA7-2729-4316-A65F-5D627897E368}
		{B9F1BDC5-A547-4A56-886D-1BFBC2F13F97} = {C5082DA7-2729-4316-A65F-5D627897E368}
		{B8E7FDB0-D075-4F91-8F97-F4FB28B4A758} = {34A1B724-E3C5-4AD4-925A-91A2D3714F76}
		{0CC976A7-CF40-4D4C-B543-CF61EE01676E} = {34A1B724-E3C5-4AD4-925A-91A2D3714F76}
		{82F06E89-BB03-42F5-BB12-D5949F0C0C0F} = {34A1B724-E3C5-4AD4-925A-91A2D3714F76}
		{4F79EE16-ED11-456D-81BF-D80DAE115CB4} = {ED387C98-485C-442C-A23C-ED5E05347516}
	EndGlobalSection
EndGlobal
